
Microsoft Visual Studio Solution File, Format Version 12.00
# Visual Studio Version 17
VisualStudioVersion = 17.9.34728.123
MinimumVisualStudioVersion = 10.0.40219.1
Project("{FAE04EC0-301F-11D3-BF4B-00C04F79EFBC}") = "DateApp", "DateApp.csproj", "{92F596AF-B627-4FC2-B8A8-E36671E5E578}"
EndProject
Global
	GlobalSection(SolutionConfigurationPlatforms) = preSolution
		Debug|Any CPU = Debug|Any CPU
		Release|Any CPU = Release|Any CPU
	EndGlobalSection
	GlobalSection(ProjectConfigurationPlatforms) = postSolution
		{92F596AF-B627-4FC2-B8A8-E36671E5E578}.Debug|Any CPU.ActiveCfg = Debug|Any CPU
		{92F596AF-B627-4FC2-B8A8-E36671E5E578}.Debug|Any CPU.Build.0 = Debug|Any CPU
		{92F596AF-B627-4FC2-B8A8-E36671E5E578}.Release|Any CPU.ActiveCfg = Release|Any CPU
		{92F596AF-B627-4FC2-B8A8-E36671E5E578}.Release|Any CPU.Build.0 = Release|Any CPU
	EndGlobalSection
	GlobalSection(SolutionProperties) = preSolution
		HideSolutionNode = FALSE
	EndGlobalSection
	GlobalSection(ExtensibilityGlobals) = postSolution
		SolutionGuid = {5BDE0AA1-A1CC-4773-9571-188E95FCBBD0}
	EndGlobalSection
EndGlobal
